dependencies:
- name: ingress
  repository: https://stalemartyr.github.io/helm-charts
  version: 0.0.2
- name: app
  repository: https://stalemartyr.github.io/helm-charts
  version: 0.0.2
- name: beat
  repository: https://stalemartyr.github.io/helm-charts
  version: 0.0.2
- name: flower
  repository: https://stalemartyr.github.io/helm-charts
  version: 0.0.2
- name: worker
  repository: https://stalemartyr.github.io/helm-charts
  version: 0.0.2
- name: mailerr-app
  repository: https://stalemartyr.github.io/helm-charts
  version: 0.0.2
- name: mailerr-worker
  repository: https://stalemartyr.github.io/helm-charts
  version: 0.0.2
- name: mailerr-beat
  repository: https://stalemartyr.github.io/helm-charts
  version: 0.0.2
digest: sha256:3867bb35613b48e41ac82c356694bf0c01ad2bb86bd12682a199b9e36abad97d
generated: "2025-11-13T01:52:40.049449+08:00"
