dependencies:
- name: ingress
  repository: https://stalemartyr.github.io/helm-charts
  version: 0.0.3
- name: app
  repository: https://stalemartyr.github.io/helm-charts
  version: 0.0.3
- name: beat
  repository: https://stalemartyr.github.io/helm-charts
  version: 0.0.2
- name: flower
  repository: https://stalemartyr.github.io/helm-charts
  version: 0.0.2
- name: worker
  repository: https://stalemartyr.github.io/helm-charts
  version: 0.0.2
- name: mailerr-app
  repository: https://stalemartyr.github.io/helm-charts
  version: 0.0.3
- name: mailerr-worker
  repository: https://stalemartyr.github.io/helm-charts
  version: 0.0.2
- name: mailerr-beat
  repository: https://stalemartyr.github.io/helm-charts
  version: 0.0.2
digest: sha256:8975c8340c7e9a6b8d39a2c8d4985a2e9cf30397afc6b9d6f471c102d3a94d68
generated: "2025-11-16T03:20:45.579224+08:00"
