dependencies:
- name: ingress
  repository: https://stalemartyr.github.io/helm-charts
  version: 0.0.3
- name: app
  repository: https://stalemartyr.github.io/helm-charts
  version: 0.0.4
- name: beat
  repository: https://stalemartyr.github.io/helm-charts
  version: 0.0.2
- name: flower
  repository: https://stalemartyr.github.io/helm-charts
  version: 0.0.2
- name: worker
  repository: https://stalemartyr.github.io/helm-charts
  version: 0.0.2
- name: mailerr-app
  repository: https://stalemartyr.github.io/helm-charts
  version: 0.0.3
- name: mailerr-worker
  repository: https://stalemartyr.github.io/helm-charts
  version: 0.0.2
- name: mailerr-beat
  repository: https://stalemartyr.github.io/helm-charts
  version: 0.0.2
digest: sha256:ead5e55d51847bf781dd4e6ed86fec34f5f52900f929cad364aa7f88c5598bb7
generated: "2026-01-05T23:08:38.759057+08:00"
